PODS:
  - UXContactsPicker (2.14.3)

DEPENDENCIES:
  - UXContactsPicker (from `./`)

EXTERNAL SOURCES:
  UXContactsPicker:
    :path: "./"

SPEC CHECKSUMS:
  UXContactsPicker: 8ce7b89b1322f78329d2c8f07b174999efac931a

PODFILE CHECKSUM: 732e1b7db696b2485413cd1ce860434c7daf5849

COCOAPODS: 1.2.1.beta.1
