PODS:
  - UXContactsPicker (2.17.0)

DEPENDENCIES:
  - UXContactsPicker (from `./`)

EXTERNAL SOURCES:
  UXContactsPicker:
    :path: "./"

SPEC CHECKSUMS:
  UXContactsPicker: d63d807e7119c0bbb6eaa536ab09ff61ddd81c43

PODFILE CHECKSUM: 732e1b7db696b2485413cd1ce860434c7daf5849

COCOAPODS: 1.2.1.beta.1
